
Microsoft Visual Studio Solution File, Format Version 12.00
# Visual Studio Version 17
VisualStudioVersion = 17.0.31903.59
MinimumVisualStudioVersion = 10.0.40219.1
Project("{FAE04EC0-301F-11D3-BF4B-00C04F79EFBC}") = "BookCatalog.API", "BookCatalog.API\BookCatalog.API.csproj", "{32423CE9-AB14-42A4-9A7D-0F88C74F001B}"
EndProject
Project("{FAE04EC0-301F-11D3-BF4B-00C04F79EFBC}") = "BookCatalog.API.Tests", "BookCatalog.API.Tests\BookCatalog.API.Tests.csproj", "{53774D10-DDE6-4E96-96F2-34F4C30CD39D}"
EndProject
Global
	GlobalSection(SolutionConfigurationPlatforms) = preSolution
		Debug|Any CPU = Debug|Any CPU
		Release|Any CPU = Release|Any CPU
	EndGlobalSection
	GlobalSection(SolutionProperties) = preSolution
		HideSolutionNode = FALSE
	EndGlobalSection
	GlobalSection(ProjectConfigurationPlatforms) = postSolution
		{32423CE9-AB14-42A4-9A7D-0F88C74F001B}.Debug|Any CPU.ActiveCfg = Debug|Any CPU
		{32423CE9-AB14-42A4-9A7D-0F88C74F001B}.Debug|Any CPU.Build.0 = Debug|Any CPU
		{32423CE9-AB14-42A4-9A7D-0F88C74F001B}.Release|Any CPU.ActiveCfg = Release|Any CPU
		{32423CE9-AB14-42A4-9A7D-0F88C74F001B}.Release|Any CPU.Build.0 = Release|Any CPU
		{53774D10-DDE6-4E96-96F2-34F4C30CD39D}.Debug|Any CPU.ActiveCfg = Debug|Any CPU
		{53774D10-DDE6-4E96-96F2-34F4C30CD39D}.Debug|Any CPU.Build.0 = Debug|Any CPU
		{53774D10-DDE6-4E96-96F2-34F4C30CD39D}.Release|Any CPU.ActiveCfg = Release|Any CPU
		{53774D10-DDE6-4E96-96F2-34F4C30CD39D}.Release|Any CPU.Build.0 = Release|Any CPU
	EndGlobalSection
EndGlobal
